
Microsoft Visual Studio Solution File, Format Version 12.00
# Visual Studio 2013
VisualStudioVersion = 12.0.21005.1
MinimumVisualStudioVersion = 10.0.40219.1
Project("{FAE04EC0-301F-11D3-BF4B-00C04F79EFBC}") = "GoogleVoice2", "GoogleVoice2\GoogleVoice2.csproj", "{31F2A6BC-5EC6-4157-B5AA-E0FFE3F33F73}"
EndProject
Project("{FAE04EC0-301F-11D3-BF4B-00C04F79EFBC}") = "Tests", "Tests\Tests.csproj", "{B5B46A0A-41DA-443E-84A7-B76CA84BE89D}"
EndProject
Global
	GlobalSection(SolutionConfigurationPlatforms) = preSolution
		Debug|Any CPU = Debug|Any CPU
		Release|Any CPU = Release|Any CPU
	EndGlobalSection
	GlobalSection(ProjectConfigurationPlatforms) = postSolution
		{31F2A6BC-5EC6-4157-B5AA-E0FFE3F33F73}.Debug|Any CPU.ActiveCfg = Debug|Any CPU
		{31F2A6BC-5EC6-4157-B5AA-E0FFE3F33F73}.Debug|Any CPU.Build.0 = Debug|Any CPU
		{31F2A6BC-5EC6-4157-B5AA-E0FFE3F33F73}.Release|Any CPU.ActiveCfg = Release|Any CPU
		{31F2A6BC-5EC6-4157-B5AA-E0FFE3F33F73}.Release|Any CPU.Build.0 = Release|Any CPU
		{B5B46A0A-41DA-443E-84A7-B76CA84BE89D}.Debug|Any CPU.ActiveCfg = Debug|Any CPU
		{B5B46A0A-41DA-443E-84A7-B76CA84BE89D}.Debug|Any CPU.Build.0 = Debug|Any CPU
		{B5B46A0A-41DA-443E-84A7-B76CA84BE89D}.Release|Any CPU.ActiveCfg = Release|Any CPU
		{B5B46A0A-41DA-443E-84A7-B76CA84BE89D}.Release|Any CPU.Build.0 = Release|Any CPU
	EndGlobalSection
	GlobalSection(SolutionProperties) = preSolution
		HideSolutionNode = FALSE
	EndGlobalSection
EndGlobal
